
Microsoft Visual Studio Solution File, Format Version 12.00
# Visual Studio 2013
VisualStudioVersion = 12.0.31101.0
MinimumVisualStudioVersion = 10.0.40219.1
Project("{FAE04EC0-301F-11D3-BF4B-00C04F79EFBC}") = "02", "02\02.csproj", "{F5EF08CE-D6CF-4688-BD5C-06EA327A7CEF}"
EndProject
Global
	GlobalSection(SolutionConfigurationPlatforms) = preSolution
		Debug|Any CPU = Debug|Any CPU
		Release|Any CPU = Release|Any CPU
	EndGlobalSection
	GlobalSection(ProjectConfigurationPlatforms) = postSolution
		{F5EF08CE-D6CF-4688-BD5C-06EA327A7CEF}.Debug|Any CPU.ActiveCfg = Debug|Any CPU
		{F5EF08CE-D6CF-4688-BD5C-06EA327A7CEF}.Debug|Any CPU.Build.0 = Debug|Any CPU
		{F5EF08CE-D6CF-4688-BD5C-06EA327A7CEF}.Release|Any CPU.ActiveCfg = Release|Any CPU
		{F5EF08CE-D6CF-4688-BD5C-06EA327A7CEF}.Release|Any CPU.Build.0 = Release|Any CPU
	EndGlobalSection
	GlobalSection(SolutionProperties) = preSolution
		HideSolutionNode = FALSE
	EndGlobalSection
EndGlobal
